// !$*UTF8*$!
{
	archiveVersion = 1;
	classes = {
	};
	objectVersion = 56;
	objects = {

/* Begin PBXBuildFile section */
		ACB3F3ED3AF826AFDF4F1383 /* Pods_loginForm.framework in Frameworks */ = {isa = PBXBuildFile; fileRef = B73F8EA872C042FF883C1844 /* Pods_loginForm.framework */; };
		DDB9C2972A098BAA00DE1783 /* SignUpController.swift in Sources */ = {isa = PBXBuildFile; fileRef = DDB9C2962A098BAA00DE1783 /* SignUpController.swift */; };
		DDF020292A0103E30024C2CA /* AppDelegate.swift in Sources */ = {isa = PBXBuildFile; fileRef = DDF020282A0103E30024C2CA /* AppDelegate.swift */; };
		DDF0202B2A0103E30024C2CA /* SceneDelegate.swift in Sources */ = {isa = PBXBuildFile; fileRef = DDF0202A2A0103E30024C2CA /* SceneDelegate.swift */; };
		DDF0202D2A0103E30024C2CA /* ViewController.swift in Sources */ = {isa = PBXBuildFile; fileRef = DDF0202C2A0103E30024C2CA /* ViewController.swift */; };
		DDF020302A0103E30024C2CA /* Main.storyboard in Resources */ = {isa = PBXBuildFile; fileRef = DDF0202E2A0103E30024C2CA /* Main.storyboard */; };
		DDF020322A0103E40024C2CA /* Assets.xcassets in Resources */ = {isa = PBXBuildFile; fileRef = DDF020312A0103E40024C2CA /* Assets.xcassets */; };
		DDF020352A0103E40024C2CA /* LaunchScreen.storyboard in Resources */ = {isa = PBXBuildFile; fileRef = DDF020332A0103E40024C2CA /* LaunchScreen.storyboard */; };
		DDF0203D2A010B970024C2CA /* GoogleService-Info.plist in Resources */ = {isa = PBXBuildFile; fileRef = DDF0203C2A010B970024C2CA /* GoogleService-Info.plist */; };
/* End PBXBuildFile section */

/* Begin PBXFileReference section */
		B73F8EA872C042FF883C1844 /* Pods_loginForm.framework */ = {isa = PBXFileReference; explicitFileType = wrapper.framework; includeInIndex = 0; path = Pods_loginForm.framework; sourceTree = BUILT_PRODUCTS_DIR; };
		B822BC289C7780E2E8ADD1C7 /* Pods-loginForm.debug.xcconfig */ = {isa = PBXFileReference; includeInIndex = 1; lastKnownFileType = text.xcconfig; name = "Pods-loginForm.debug.xcconfig"; path = "Target Support Files/Pods-loginForm/Pods-loginForm.debug.xcconfig"; sourceTree = "<group>"; };
		BF686144283AAB88FB19143F /* Pods-loginForm.release.xcconfig */ = {isa = PBXFileReference; includeInIndex = 1; lastKnownFileType = text.xcconfig; name = "Pods-loginForm.release.xcconfig"; path = "Target Support Files/Pods-loginForm/Pods-loginForm.release.xcconfig"; sourceTree = "<group>"; };
		DDB9C2962A098BAA00DE1783 /* SignUpController.swift */ = {isa = PBXFileReference; lastKnownFileType = sourcecode.swift; path = SignUpController.swift; sourceTree = "<group>"; };
		DDF020252A0103E30024C2CA /* loginForm.app */ = {isa = PBXFileReference; explicitFileType = wrapper.application; includeInIndex = 0; path = loginForm.app; sourceTree = BUILT_PRODUCTS_DIR; };
		DDF020282A0103E30024C2CA /* AppDelegate.swift */ = {isa = PBXFileReference; lastKnownFileType = sourcecode.swift; path = AppDelegate.swift; sourceTree = "<group>"; };
		DDF0202A2A0103E30024C2CA /* SceneDelegate.swift */ = {isa = PBXFileReference; lastKnownFileType = sourcecode.swift; path = SceneDelegate.swift; sourceTree = "<group>"; };
		DDF0202C2A0103E30024C2CA /* ViewController.swift */ = {isa = PBXFileReference; lastKnownFileType = sourcecode.swift; path = ViewController.swift; sourceTree = "<group>"; };
		DDF0202F2A0103E30024C2CA /* Base */ = {isa = PBXFileReference; lastKnownFileType = file.storyboard; name = Base; path = Base.lproj/Main.storyboard; sourceTree = "<group>"; };
		DDF020312A0103E40024C2CA /* Assets.xcassets */ = {isa = PBXFileReference; lastKnownFileType = folder.assetcatalog; path = Assets.xcassets; sourceTree = "<group>"; };
		DDF020342A0103E40024C2CA /* Base */ = {isa = PBXFileReference; lastKnownFileType = file.storyboard; name = Base; path = Base.lproj/LaunchScreen.storyboard; sourceTree = "<group>"; };
		DDF020362A0103E40024C2CA /* Info.plist */ = {isa = PBXFileReference; lastKnownFileType = text.plist.xml; path = Info.plist; sourceTree = "<group>"; };
		DDF0203C2A010B970024C2CA /* GoogleService-Info.plist */ = {isa = PBXFileReference; fileEncoding = 4; lastKnownFileType = text.plist.xml; path = "GoogleService-Info.plist"; sourceTree = "<group>"; };
/* End PBXFileReference section */

/* Begin PBXFrameworksBuildPhase section */
		DDF020222A0103E30024C2CA /* Frameworks */ = {
			isa = PBXFrameworksBuildPhase;
			buildActionMask = 2147483647;
			files = (
				ACB3F3ED3AF826AFDF4F1383 /* Pods_loginForm.framework in Frameworks */,
			);
			runOnlyForDeploymentPostprocessing = 0;
		};
/* End PBXFrameworksBuildPhase section */

/* Begin PBXGroup section */
		A2DF37AE71473E857A204EBA /* Pods */ = {
			isa = PBXGroup;
			children = (
				B822BC289C7780E2E8ADD1C7 /* Pods-loginForm.debug.xcconfig */,
				BF686144283AAB88FB19143F /* Pods-loginForm.release.xcconfig */,
			);
			path = Pods;
			sourceTree = "<group>";
		};
		A7734673E26500DD70DF5D3E /* Frameworks */ = {
			isa = PBXGroup;
			children = (
				B73F8EA872C042FF883C1844 /* Pods_loginForm.framework */,
			);
			name = Frameworks;
			sourceTree = "<group>";
		};
		DDF0201C2A0103E20024C2CA = {
			isa = PBXGroup;
			children = (
				DDF020272A0103E30024C2CA /* loginForm */,
				DDF020262A0103E30024C2CA /* Products */,
				A2DF37AE71473E857A204EBA /* Pods */,
				A7734673E26500DD70DF5D3E /* Frameworks */,
			);
			sourceTree = "<group>";
		};
		DDF020262A0103E30024C2CA /* Products */ = {
			isa = PBXGroup;
			children = (
				DDF020252A0103E30024C2CA /* loginForm.app */,
			);
			name = Products;
			sourceTree = "<group>";
		};
		DDF020272A0103E30024C2CA /* loginForm */ = {
			isa = PBXGroup;
			children = (
				DDF0203C2A010B970024C2CA /* GoogleService-Info.plist */,
				DDF020282A0103E30024C2CA /* AppDelegate.swift */,
				DDF0202A2A0103E30024C2CA /* SceneDelegate.swift */,
				DDF0202C2A0103E30024C2CA /* ViewController.swift */,
				DDF0202E2A0103E30024C2CA /* Main.storyboard */,
				DDF020312A0103E40024C2CA /* Assets.xcassets */,
				DDF020332A0103E40024C2CA /* LaunchScreen.storyboard */,
				DDF020362A0103E40024C2CA /* Info.plist */,
				DDB9C2962A098BAA00DE1783 /* SignUpController.swift */,
			);
			path = loginForm;
			sourceTree = "<group>";
		};
/* End PBXGroup section */

/* Begin PBXNativeTarget section */
		DDF020242A0103E30024C2CA /* loginForm */ = {
			isa = PBXNativeTarget;
			buildConfigurationList = DDF020392A0103E40024C2CA /* Build configuration list for PBXNativeTarget "loginForm" */;
			buildPhases = (
				915125ED9F297AE746FB86B8 /* [CP] Check Pods Manifest.lock */,
				DDF020212A0103E30024C2CA /* Sources */,
				DDF020222A0103E30024C2CA /* Frameworks */,
				DDF020232A0103E30024C2CA /* Resources */,
				1351D1BFBB7EB48FEFC76F50 /* [CP] Embed Pods Frameworks */,
			);
			buildRules = (
			);
			dependencies = (
			);
			name = loginForm;
			productName = loginForm;
			productReference = DDF020252A0103E30024C2CA /* loginForm.app */;
			productType = "com.apple.product-type.application";
		};
/* End PBXNativeTarget section */

/* Begin PBXProject section */
		DDF0201D2A0103E20024C2CA /* Project object */ = {
			isa = PBXProject;
			attributes = {
				BuildIndependentTargetsInParallel = 1;
				LastSwiftUpdateCheck = 1430;
				LastUpgradeCheck = 1430;
				TargetAttributes = {
					DDF020242A0103E30024C2CA = {
						CreatedOnToolsVersion = 14.3;
					};
				};
			};
			buildConfigurationList = DDF020202A0103E20024C2CA /* Build configuration list for PBXProject "loginForm" */;
			compatibilityVersion = "Xcode 14.0";
			developmentRegion = en;
			hasScannedForEncodings = 0;
			knownRegions = (
				en,
				Base,
			);
			mainGroup = DDF0201C2A0103E20024C2CA;
			productRefGroup = DDF020262A0103E30024C2CA /* Products */;
			projectDirPath = "";
			projectRoot = "";
			targets = (
				DDF020242A0103E30024C2CA /* loginForm */,
			);
		};
/* End PBXProject section */

/* Begin PBXResourcesBuildPhase section */
		DDF020232A0103E30024C2CA /* Resources */ = {
			isa = PBXResourcesBuildPhase;
			buildActionMask = 2147483647;
			files = (
				DDF020352A0103E40024C2CA /* LaunchScreen.storyboard in Resources */,
				DDF0203D2A010B970024C2CA /* GoogleService-Info.plist in Resources */,
				DDF020322A0103E40024C2CA /* Assets.xcassets in Resources */,
				DDF020302A0103E30024C2CA /* Main.storyboard in Resources */,
			);
			runOnlyForDeploymentPostprocessing = 0;
		};
/* End PBXResourcesBuildPhase section */

/* Begin PBXShellScriptBuildPhase section */
		1351D1BFBB7EB48FEFC76F50 /* [CP] Embed Pods Frameworks */ = {
			isa = PBXShellScriptBuildPhase;
			buildActionMask = 2147483647;
			files = (
			);
			inputFileListPaths = (
				"${PODS_ROOT}/Target Support Files/Pods-loginForm/Pods-loginForm-frameworks-${CONFIGURATION}-input-files.xcfilelist",
			);
			name = "[CP] Embed Pods Frameworks";
			outputFileListPaths = (
				"${PODS_ROOT}/Target Support Files/Pods-loginForm/Pods-loginForm-frameworks-${CONFIGURATION}-output-files.xcfilelist",
			);
			runOnlyForDeploymentPostprocessing = 0;
			shellPath = /bin/sh;
			shellScript = "\"${PODS_ROOT}/Target Support Files/Pods-loginForm/Pods-loginForm-frameworks.sh\"\n";
			showEnvVarsInLog = 0;
		};
		915125ED9F297AE746FB86B8 /* [CP] Check Pods Manifest.lock */ = {
			isa = PBXShellScriptBuildPhase;
			buildActionMask = 2147483647;
			files = (
			);
			inputFileListPaths = (
			);
			inputPaths = (
				"${PODS_PODFILE_DIR_PATH}/Podfile.lock",
				"${PODS_ROOT}/Manifest.lock",
			);
			name = "[CP] Check Pods Manifest.lock";
			outputFileListPaths = (
			);
			outputPaths = (
				"$(DERIVED_FILE_DIR)/Pods-loginForm-checkManifestLockResult.txt",
			);
			runOnlyForDeploymentPostprocessing = 0;
			shellPath = /bin/sh;
			shellScript = "diff \"${PODS_PODFILE_DIR_PATH}/Podfile.lock\" \"${PODS_ROOT}/Manifest.lock\" > /dev/null\nif [ $? != 0 ] ; then\n    # print error to STDERR\n    echo \"error: The sandbox is not in sync with the Podfile.lock. Run 'pod install' or update your CocoaPods installation.\" >&2\n    exit 1\nfi\n# This output is used by Xcode 'outputs' to avoid re-running this script phase.\necho \"SUCCESS\" > \"${SCRIPT_OUTPUT_FILE_0}\"\n";
			showEnvVarsInLog = 0;
		};
/* End PBXShellScriptBuildPhase section */

/* Begin PBXSourcesBuildPhase section */
		DDF020212A0103E30024C2CA /* Sources */ = {
			isa = PBXSourcesBuildPhase;
			buildActionMask = 2147483647;
			files = (
				DDF0202D2A0103E30024C2CA /* ViewController.swift in Sources */,
				DDF020292A0103E30024C2CA /* AppDelegate.swift in Sources */,
				DDF0202B2A0103E30024C2CA /* SceneDelegate.swift in Sources */,
				DDB9C2972A098BAA00DE1783 /* SignUpController.swift in Sources */,
			);
			runOnlyForDeploymentPostprocessing = 0;
		};
/* End PBXSourcesBuildPhase section */

/* Begin PBXVariantGroup section */
		DDF0202E2A0103E30024C2CA /* Main.storyboard */ = {
			isa = PBXVariantGroup;
			children = (
				DDF0202F2A0103E30024C2CA /* Base */,
			);
			name = Main.storyboard;
			sourceTree = "<group>";
		};
		DDF020332A0103E40024C2CA /* LaunchScreen.storyboard */ = {
			isa = PBXVariantGroup;
			children = (
				DDF020342A0103E40024C2CA /* Base */,
			);
			name = LaunchScreen.storyboard;
			sourceTree = "<group>";
		};
/* End PBXVariantGroup section */

/* Begin XCBuildConfiguration section */
		DDF020372A0103E40024C2CA /* Debug */ = {
			isa = XCBuildConfiguration;
			buildSettings = {
				ALWAYS_SEARCH_USER_PATHS = NO;
				CLANG_ANALYZER_NONNULL = YES;
				CLANG_ANALYZER_NUMBER_OBJECT_CONVERSION = YES_AGGRESSIVE;
				CLANG_CXX_LANGUAGE_STANDARD = "gnu++20";
				CLANG_ENABLE_MODULES = YES;
				CLANG_ENABLE_OBJC_ARC = YES;
				CLANG_ENABLE_OBJC_WEAK = YES;
				CLANG_WARN_BLOCK_CAPTURE_AUTORELEASING = YES;
				CLANG_WARN_BOOL_CONVERSION = YES;
				CLANG_WARN_COMMA = YES;
				CLANG_WARN_CONSTANT_CONVERSION = YES;
				CLANG_WARN_DEPRECATED_OBJC_IMPLEMENTATIONS = YES;
				CLANG_WARN_DIRECT_OBJC_ISA_USAGE = YES_ERROR;
				CLANG_WARN_DOCUMENTATION_COMMENTS = YES;
				CLANG_WARN_EMPTY_BODY = YES;
				CLANG_WARN_ENUM_CONVERSION = YES;
				CLANG_WARN_INFINITE_RECURSION = YES;
				CLANG_WARN_INT_CONVERSION = YES;
				CLANG_WARN_NON_LITERAL_NULL_CONVERSION = YES;
				CLANG_WARN_OBJC_IMPLICIT_RETAIN_SELF = YES;
				CLANG_WARN_OBJC_LITERAL_CONVERSION = YES;
				CLANG_WARN_OBJC_ROOT_CLASS = YES_ERROR;
				CLANG_WARN_QUOTED_INCLUDE_IN_FRAMEWORK_HEADER = YES;
				CLANG_WARN_RANGE_LOOP_ANALYSIS = YES;
				CLANG_WARN_STRICT_PROTOTYPES = YES;
				CLANG_WARN_SUSPICIOUS_MOVE = YES;
				CLANG_WARN_UNGUARDED_AVAILABILITY = YES_AGGRESSIVE;
				CLANG_WARN_UNREACHABLE_CODE = YES;
				CLANG_WARN__DUPLICATE_METHOD_MATCH = YES;
				COPY_PHASE_STRIP = NO;
				DEBUG_INFORMATION_FORMAT = dwarf;
				ENABLE_STRICT_OBJC_MSGSEND = YES;
				ENABLE_TESTABILITY = YES;
				GCC_C_LANGUAGE_STANDARD = gnu11;
				GCC_DYNAMIC_NO_PIC = NO;
				GCC_NO_COMMON_BLOCKS = YES;
				GCC_OPTIMIZATION_LEVEL = 0;
				GCC_PREPROCESSOR_DEFINITIONS = (
					"DEBUG=1",
					"$(inherited)",
				);
				GCC_WARN_64_TO_32_BIT_CONVERSION = YES;
				GCC_WARN_ABOUT_RETURN_TYPE = YES_ERROR;
				GCC_WARN_UNDECLARED_SELECTOR = YES;
				GCC_WARN_UNINITIALIZED_AUTOS = YES_AGGRESSIVE;
				GCC_WARN_UNUSED_FUNCTION = YES;
				GCC_WARN_UNUSED_VARIABLE = YES;
				IPHONEOS_DEPLOYMENT_TARGET = 16.4;
				MTL_ENABLE_DEBUG_INFO = INCLUDE_SOURCE;
				MTL_FAST_MATH = YES;
				ONLY_ACTIVE_ARCH = YES;
				SDKROOT = iphoneos;
				SWIFT_ACTIVE_COMPILATION_CONDITIONS = DEBUG;
				SWIFT_OPTIMIZATION_LEVEL = "-Onone";
			};
			name = Debug;
		};
		DDF020382A0103E40024C2CA /* Release */ = {
			isa = XCBuildConfiguration;
			buildSettings = {
				ALWAYS_SEARCH_USER_PATHS = NO;
				CLANG_ANALYZER_NONNULL = YES;
				CLANG_ANALYZER_NUMBER_OBJECT_CONVERSION = YES_AGGRESSIVE;
				CLANG_CXX_LANGUAGE_STANDARD = "gnu++20";
				CLANG_ENABLE_MODULES = YES;
				CLANG_ENABLE_OBJC_ARC = YES;
				CLANG_ENABLE_OBJC_WEAK = YES;
				CLANG_WARN_BLOCK_CAPTURE_AUTORELEASING = YES;
				CLANG_WARN_BOOL_CONVERSION = YES;
				CLANG_WARN_COMMA = YES;
				CLANG_WARN_CONSTANT_CONVERSION = YES;
				CLANG_WARN_DEPRECATED_OBJC_IMPLEMENTATIONS = YES;
				CLANG_WARN_DIRECT_OBJC_ISA_USAGE = YES_ERROR;
				CLANG_WARN_DOCUMENTATION_COMMENTS = YES;
				CLANG_WARN_EMPTY_BODY = YES;
				CLANG_WARN_ENUM_CONVERSION = YES;
				CLANG_WARN_INFINITE_RECURSION = YES;
				CLANG_WARN_INT_CONVERSION = YES;
				CLANG_WARN_NON_LITERAL_NULL_CONVERSION = YES;
				CLANG_WARN_OBJC_IMPLICIT_RETAIN_SELF = YES;
				CLANG_WARN_OBJC_LITERAL_CONVERSION = YES;
				CLANG_WARN_OBJC_ROOT_CLASS = YES_ERROR;
				CLANG_WARN_QUOTED_INCLUDE_IN_FRAMEWORK_HEADER = YES;
				CLANG_WARN_RANGE_LOOP_ANALYSIS = YES;
				CLANG_WARN_STRICT_PROTOTYPES = YES;
				CLANG_WARN_SUSPICIOUS_MOVE = YES;
				CLANG_WARN_UNGUARDED_AVAILABILITY = YES_AGGRESSIVE;
				CLANG_WARN_UNREACHABLE_CODE = YES;
				CLANG_WARN__DUPLICATE_METHOD_MATCH = YES;
				COPY_PHASE_STRIP = NO;
				DEBUG_INFORMATION_FORMAT = "dwarf-with-dsym";
				ENABLE_NS_ASSERTIONS = NO;
				ENABLE_STRICT_OBJC_MSGSEND = YES;
				GCC_C_LANGUAGE_STANDARD = gnu11;
				GCC_NO_COMMON_BLOCKS = YES;
				GCC_WARN_64_TO_32_BIT_CONVERSION = YES;
				GCC_WARN_ABOUT_RETURN_TYPE = YES_ERROR;
				GCC_WARN_UNDECLARED_SELECTOR = YES;
				GCC_WARN_UNINITIALIZED_AUTOS = YES_AGGRESSIVE;
				GCC_WARN_UNUSED_FUNCTION = YES;
				GCC_WARN_UNUSED_VARIABLE = YES;
				IPHONEOS_DEPLOYMENT_TARGET = 16.4;
				MTL_ENABLE_DEBUG_INFO = NO;
				MTL_FAST_MATH = YES;
				SDKROOT = iphoneos;
				SWIFT_COMPILATION_MODE = wholemodule;
				SWIFT_OPTIMIZATION_LEVEL = "-O";
				VALIDATE_PRODUCT = YES;
			};
			name = Release;
		};
		DDF0203A2A0103E40024C2CA /* Debug */ = {
			isa = XCBuildConfiguration;
			baseConfigurationReference = B822BC289C7780E2E8ADD1C7 /* Pods-loginForm.debug.xcconfig */;
			buildSettings = {
				ASSETCATALOG_COMPILER_APPICON_NAME = AppIcon;
				ASSETCATALOG_COMPILER_GLOBAL_ACCENT_COLOR_NAME = AccentColor;
				CODE_SIGN_STYLE = Automatic;
				CURRENT_PROJECT_VERSION = 1;
				DEVELOPMENT_TEAM = UH3752ZWXL;
				GENERATE_INFOPLIST_FILE = YES;
				INFOPLIST_FILE = loginForm/Info.plist;
				INFOPLIST_KEY_UIApplicationSupportsIndirectInputEvents = YES;
				INFOPLIST_KEY_UILaunchStoryboardName = LaunchScreen;
				INFOPLIST_KEY_UIMainStoryboardFile = Main;
				INFOPLIST_KEY_UISupportedInterfaceOrientations_iPad = "UIInterfaceOrientationPortrait UIInterfaceOrientationPortraitUpsideDown UIInterfaceOrientationLandscapeLeft UIInterfaceOrientationLandscapeRight";
				INFOPLIST_KEY_UISupportedInterfaceOrientations_iPhone = "UIInterfaceOrientationPortrait UIInterfaceOrientationLandscapeLeft UIInterfaceOrientationLandscapeRight";
				LD_RUNPATH_SEARCH_PATHS = (
					"$(inherited)",
					"@executable_path/Frameworks",
				);
				MARKETING_VERSION = 1.0;
				PRODUCT_BUNDLE_IDENTIFIER = iti.loginForm;
				PRODUCT_NAME = "$(TARGET_NAME)";
				SWIFT_EMIT_LOC_STRINGS = YES;
				SWIFT_VERSION = 5.0;
				TARGETED_DEVICE_FAMILY = "1,2";
			};
			name = Debug;
		};
		DDF0203B2A0103E40024C2CA /* Release */ = {
			isa = XCBuildConfiguration;
			baseConfigurationReference = BF686144283AAB88FB19143F /* Pods-loginForm.release.xcconfig */;
			buildSettings = {
				ASSETCATALOG_COMPILER_APPICON_NAME = AppIcon;
				ASSETCATALOG_COMPILER_GLOBAL_ACCENT_COLOR_NAME = AccentColor;
				CODE_SIGN_STYLE = Automatic;
				CURRENT_PROJECT_VERSION = 1;
				DEVELOPMENT_TEAM = UH3752ZWXL;
				GENERATE_INFOPLIST_FILE = YES;
				INFOPLIST_FILE = loginForm/Info.plist;
				INFOPLIST_KEY_UIApplicationSupportsIndirectInputEvents = YES;
				INFOPLIST_KEY_UILaunchStoryboardName = LaunchScreen;
				INFOPLIST_KEY_UIMainStoryboardFile = Main;
				INFOPLIST_KEY_UISupportedInterfaceOrientations_iPad = "UIInterfaceOrientationPortrait UIInterfaceOrientationPortraitUpsideDown UIInterfaceOrientationLandscapeLeft UIInterfaceOrientationLandscapeRight";
				INFOPLIST_KEY_UISupportedInterfaceOrientations_iPhone = "UIInterfaceOrientationPortrait UIInterfaceOrientationLandscapeLeft UIInterfaceOrientationLandscapeRight";
				LD_RUNPATH_SEARCH_PATHS = (
					"$(inherited)",
					"@executable_path/Frameworks",
				);
				MARKETING_VERSION = 1.0;
				PRODUCT_BUNDLE_IDENTIFIER = iti.loginForm;
				PRODUCT_NAME = "$(TARGET_NAME)";
				SWIFT_EMIT_LOC_STRINGS = YES;
				SWIFT_VERSION = 5.0;
				TARGETED_DEVICE_FAMILY = "1,2";
			};
			name = Release;
		};
/* End XCBuildConfiguration section */

/* Begin XCConfigurationList section */
		DDF020202A0103E20024C2CA /* Build configuration list for PBXProject "loginForm" */ = {
			isa = XCConfigurationList;
			buildConfigurations = (
				DDF020372A0103E40024C2CA /* Debug */,
				DDF020382A0103E40024C2CA /* Release */,
			);
			defaultConfigurationIsVisible = 0;
			defaultConfigurationName = Release;
		};
		DDF020392A0103E40024C2CA /* Build configuration list for PBXNativeTarget "loginForm" */ = {
			isa = XCConfigurationList;
			buildConfigurations = (
				DDF0203A2A0103E40024C2CA /* Debug */,
				DDF0203B2A0103E40024C2CA /* Release */,
			);
			defaultConfigurationIsVisible = 0;
			defaultConfigurationName = Release;
		};
/* End XCConfigurationList section */
	};
	rootObject = DDF0201D2A0103E20024C2CA /* Project object */;
}
